
Microsoft Visual Studio Solution File, Format Version 12.00
# Visual Studio 15
VisualStudioVersion = 15.0.28307.421
MinimumVisualStudioVersion = 10.0.40219.1
Project("{9A19103F-16F7-4668-BE54-9A1E7A4F7556}") = "Fit4You.Core", "Fit4You.Core\Fit4You.Core.csproj", "{D129EA0A-2104-45E4-A791-2C6164DECF27}"
EndProject
Project("{9A19103F-16F7-4668-BE54-9A1E7A4F7556}") = "Fit4You.Tests", "Fit4You.Tests\Fit4You.Tests.csproj", "{AC88D488-ABED-4B9A-9B93-C99D912A5807}"
EndProject
Project("{9A19103F-16F7-4668-BE54-9A1E7A4F7556}") = "Fit4You.WebApp", "Fit4You.WebApp\Fit4You.WebApp.csproj", "{D0DB61E8-92CE-4982-A907-59F149C33338}"
EndProject
Global
	GlobalSection(SolutionConfigurationPlatforms) = preSolution
		Debug|Any CPU = Debug|Any CPU
		Release|Any CPU = Release|Any CPU
	EndGlobalSection
	GlobalSection(ProjectConfigurationPlatforms) = postSolution
		{D129EA0A-2104-45E4-A791-2C6164DECF27}.Debug|Any CPU.ActiveCfg = Debug|Any CPU
		{D129EA0A-2104-45E4-A791-2C6164DECF27}.Debug|Any CPU.Build.0 = Debug|Any CPU
		{D129EA0A-2104-45E4-A791-2C6164DECF27}.Release|Any CPU.ActiveCfg = Release|Any CPU
		{D129EA0A-2104-45E4-A791-2C6164DECF27}.Release|Any CPU.Build.0 = Release|Any CPU
		{AC88D488-ABED-4B9A-9B93-C99D912A5807}.Debug|Any CPU.ActiveCfg = Debug|Any CPU
		{AC88D488-ABED-4B9A-9B93-C99D912A5807}.Debug|Any CPU.Build.0 = Debug|Any CPU
		{AC88D488-ABED-4B9A-9B93-C99D912A5807}.Release|Any CPU.ActiveCfg = Release|Any CPU
		{AC88D488-ABED-4B9A-9B93-C99D912A5807}.Release|Any CPU.Build.0 = Release|Any CPU
		{D0DB61E8-92CE-4982-A907-59F149C33338}.Debug|Any CPU.ActiveCfg = Debug|Any CPU
		{D0DB61E8-92CE-4982-A907-59F149C33338}.Debug|Any CPU.Build.0 = Debug|Any CPU
		{D0DB61E8-92CE-4982-A907-59F149C33338}.Release|Any CPU.ActiveCfg = Release|Any CPU
		{D0DB61E8-92CE-4982-A907-59F149C33338}.Release|Any CPU.Build.0 = Release|Any CPU
	EndGlobalSection
	GlobalSection(SolutionProperties) = preSolution
		HideSolutionNode = FALSE
	EndGlobalSection
	GlobalSection(ExtensibilityGlobals) = postSolution
		SolutionGuid = {99E1B658-B1B8-4675-94DE-0647B4EBFF37}
	EndGlobalSection
EndGlobal
